// !$*UTF8*$!
{
	archiveVersion = 1;
	classes = {
	};
	objectVersion = 55;
	objects = {

/* Begin PBXBuildFile section */
		E53B217228560B5000F0D573 /* HomeView.swift in Sources */ = {isa = PBXBuildFile; fileRef = E53B217128560B5000F0D573 /* HomeView.swift */; };
		E5755B07285AB3F300876E85 /* UITextField+Extension.swift in Sources */ = {isa = PBXBuildFile; fileRef = E5755B06285AB3F300876E85 /* UITextField+Extension.swift */; };
		E5954555285C3230000943D3 /* WeatherCoreData.xcdatamodeld in Sources */ = {isa = PBXBuildFile; fileRef = E5954553285C3230000943D3 /* WeatherCoreData.xcdatamodeld */; };
		E5954558285C3364000943D3 /* WeatherEntities+CoreDataClass.swift in Sources */ = {isa = PBXBuildFile; fileRef = E5954556285C3364000943D3 /* WeatherEntities+CoreDataClass.swift */; };
		E5C66F3F28554AC700BA9B77 /* AppDelegate.swift in Sources */ = {isa = PBXBuildFile; fileRef = E5C66F3E28554AC700BA9B77 /* AppDelegate.swift */; };
		E5C66F4128554AC700BA9B77 /* SceneDelegate.swift in Sources */ = {isa = PBXBuildFile; fileRef = E5C66F4028554AC700BA9B77 /* SceneDelegate.swift */; };
		E5C66F4328554AC700BA9B77 /* HomeViewController.swift in Sources */ = {isa = PBXBuildFile; fileRef = E5C66F4228554AC700BA9B77 /* HomeViewController.swift */; };
		E5C66F4B28554ACA00BA9B77 /* Assets.xcassets in Resources */ = {isa = PBXBuildFile; fileRef = E5C66F4A28554ACA00BA9B77 /* Assets.xcassets */; };
		E5C66F4E28554ACA00BA9B77 /* LaunchScreen.storyboard in Resources */ = {isa = PBXBuildFile; fileRef = E5C66F4C28554ACA00BA9B77 /* LaunchScreen.storyboard */; };
		E5D0BB672855BDFA002CC445 /* WeatherModel.swift in Sources */ = {isa = PBXBuildFile; fileRef = E5D0BB662855BDFA002CC445 /* WeatherModel.swift */; };
		E5D0BB692855BEC1002CC445 /* WeatherViewModel.swift in Sources */ = {isa = PBXBuildFile; fileRef = E5D0BB682855BEC1002CC445 /* WeatherViewModel.swift */; };
		E5D0BB6E2855BF07002CC445 /* ObservableObject.swift in Sources */ = {isa = PBXBuildFile; fileRef = E5D0BB6D2855BF07002CC445 /* ObservableObject.swift */; };
		E5D0BB702855BF94002CC445 /* NetworkService.swift in Sources */ = {isa = PBXBuildFile; fileRef = E5D0BB6F2855BF94002CC445 /* NetworkService.swift */; };
/* End PBXBuildFile section */

/* Begin PBXFileReference section */
		E53B217128560B5000F0D573 /* HomeView.swift */ = {isa = PBXFileReference; lastKnownFileType = sourcecode.swift; path = HomeView.swift; sourceTree = "<group>"; };
		E5755B06285AB3F300876E85 /* UITextField+Extension.swift */ = {isa = PBXFileReference; lastKnownFileType = sourcecode.swift; path = "UITextField+Extension.swift"; sourceTree = "<group>"; };
		E5954554285C3230000943D3 /* WeatherCoreData.xcdatamodel */ = {isa = PBXFileReference; lastKnownFileType = wrapper.xcdatamodel; path = WeatherCoreData.xcdatamodel; sourceTree = "<group>"; };
		E5954556285C3364000943D3 /* WeatherEntities+CoreDataClass.swift */ = {isa = PBXFileReference; lastKnownFileType = sourcecode.swift; path = "WeatherEntities+CoreDataClass.swift"; sourceTree = "<group>"; };
		E5C66F3B28554AC700BA9B77 /* weather-app.app */ = {isa = PBXFileReference; explicitFileType = wrapper.application; includeInIndex = 0; path = "weather-app.app"; sourceTree = BUILT_PRODUCTS_DIR; };
		E5C66F3E28554AC700BA9B77 /* AppDelegate.swift */ = {isa = PBXFileReference; lastKnownFileType = sourcecode.swift; path = AppDelegate.swift; sourceTree = "<group>"; };
		E5C66F4028554AC700BA9B77 /* SceneDelegate.swift */ = {isa = PBXFileReference; lastKnownFileType = sourcecode.swift; path = SceneDelegate.swift; sourceTree = "<group>"; };
		E5C66F4228554AC700BA9B77 /* HomeViewController.swift */ = {isa = PBXFileReference; lastKnownFileType = sourcecode.swift; path = HomeViewController.swift; sourceTree = "<group>"; };
		E5C66F4A28554ACA00BA9B77 /* Assets.xcassets */ = {isa = PBXFileReference; lastKnownFileType = folder.assetcatalog; path = Assets.xcassets; sourceTree = "<group>"; };
		E5C66F4D28554ACA00BA9B77 /* Base */ = {isa = PBXFileReference; lastKnownFileType = file.storyboard; name = Base; path = Base.lproj/LaunchScreen.storyboard; sourceTree = "<group>"; };
		E5C66F4F28554ACA00BA9B77 /* Info.plist */ = {isa = PBXFileReference; lastKnownFileType = text.plist.xml; path = Info.plist; sourceTree = "<group>"; };
		E5D0BB662855BDFA002CC445 /* WeatherModel.swift */ = {isa = PBXFileReference; lastKnownFileType = sourcecode.swift; path = WeatherModel.swift; sourceTree = "<group>"; };
		E5D0BB682855BEC1002CC445 /* WeatherViewModel.swift */ = {isa = PBXFileReference; lastKnownFileType = sourcecode.swift; path = WeatherViewModel.swift; sourceTree = "<group>"; };
		E5D0BB6D2855BF07002CC445 /* ObservableObject.swift */ = {isa = PBXFileReference; lastKnownFileType = sourcecode.swift; path = ObservableObject.swift; sourceTree = "<group>"; };
		E5D0BB6F2855BF94002CC445 /* NetworkService.swift */ = {isa = PBXFileReference; lastKnownFileType = sourcecode.swift; path = NetworkService.swift; sourceTree = "<group>"; };
/* End PBXFileReference section */

/* Begin PBXFrameworksBuildPhase section */
		E5C66F3828554AC700BA9B77 /* Frameworks */ = {
			isa = PBXFrameworksBuildPhase;
			buildActionMask = 2147483647;
			files = (
			);
			runOnlyForDeploymentPostprocessing = 0;
		};
/* End PBXFrameworksBuildPhase section */

/* Begin PBXGroup section */
		E53B217028560B2400F0D573 /* Home */ = {
			isa = PBXGroup;
			children = (
				E5C66F4228554AC700BA9B77 /* HomeViewController.swift */,
				E53B217128560B5000F0D573 /* HomeView.swift */,
			);
			path = Home;
			sourceTree = "<group>";
		};
		E5954548285B7AB0000943D3 /* Managers */ = {
			isa = PBXGroup;
			children = (
				E5954556285C3364000943D3 /* WeatherEntities+CoreDataClass.swift */,
			);
			path = Managers;
			sourceTree = "<group>";
		};
		E595454B285B807C000943D3 /* CoreData */ = {
			isa = PBXGroup;
			children = (
				E5954553285C3230000943D3 /* WeatherCoreData.xcdatamodeld */,
			);
			path = CoreData;
			sourceTree = "<group>";
		};
		E5C66F3228554AC700BA9B77 = {
			isa = PBXGroup;
			children = (
				E5C66F3D28554AC700BA9B77 /* weather-app */,
				E5C66F3C28554AC700BA9B77 /* Products */,
			);
			sourceTree = "<group>";
		};
		E5C66F3C28554AC700BA9B77 /* Products */ = {
			isa = PBXGroup;
			children = (
				E5C66F3B28554AC700BA9B77 /* weather-app.app */,
			);
			name = Products;
			sourceTree = "<group>";
		};
		E5C66F3D28554AC700BA9B77 /* weather-app */ = {
			isa = PBXGroup;
			children = (
				E595454B285B807C000943D3 /* CoreData */,
				E5954548285B7AB0000943D3 /* Managers */,
				E5D0BB6A2855BECB002CC445 /* Services */,
				E5D0BB5E2855A6A0002CC445 /* Extensions */,
				E5D0BB5D2855A69B002CC445 /* Models */,
				E5D0BB5F2855A6A7002CC445 /* ViewModels */,
				E5D0BB602855A6AC002CC445 /* ViewControllers */,
				E5C66F3E28554AC700BA9B77 /* AppDelegate.swift */,
				E5C66F4028554AC700BA9B77 /* SceneDelegate.swift */,
				E5C66F4A28554ACA00BA9B77 /* Assets.xcassets */,
				E5C66F4C28554ACA00BA9B77 /* LaunchScreen.storyboard */,
				E5C66F4F28554ACA00BA9B77 /* Info.plist */,
			);
			path = "weather-app";
			sourceTree = "<group>";
		};
		E5D0BB5D2855A69B002CC445 /* Models */ = {
			isa = PBXGroup;
			children = (
				E5D0BB662855BDFA002CC445 /* WeatherModel.swift */,
			);
			path = Models;
			sourceTree = "<group>";
		};
		E5D0BB5E2855A6A0002CC445 /* Extensions */ = {
			isa = PBXGroup;
			children = (
				E5755B06285AB3F300876E85 /* UITextField+Extension.swift */,
			);
			path = Extensions;
			sourceTree = "<group>";
		};
		E5D0BB5F2855A6A7002CC445 /* ViewModels */ = {
			isa = PBXGroup;
			children = (
				E5D0BB682855BEC1002CC445 /* WeatherViewModel.swift */,
			);
			path = ViewModels;
			sourceTree = "<group>";
		};
		E5D0BB602855A6AC002CC445 /* ViewControllers */ = {
			isa = PBXGroup;
			children = (
				E53B217028560B2400F0D573 /* Home */,
			);
			path = ViewControllers;
			sourceTree = "<group>";
		};
		E5D0BB6A2855BECB002CC445 /* Services */ = {
			isa = PBXGroup;
			children = (
				E5D0BB6D2855BF07002CC445 /* ObservableObject.swift */,
				E5D0BB6F2855BF94002CC445 /* NetworkService.swift */,
			);
			path = Services;
			sourceTree = "<group>";
		};
/* End PBXGroup section */

/* Begin PBXNativeTarget section */
		E5C66F3A28554AC700BA9B77 /* weather-app */ = {
			isa = PBXNativeTarget;
			buildConfigurationList = E5C66F5228554ACA00BA9B77 /* Build configuration list for PBXNativeTarget "weather-app" */;
			buildPhases = (
				E5C66F3728554AC700BA9B77 /* Sources */,
				E5C66F3828554AC700BA9B77 /* Frameworks */,
				E5C66F3928554AC700BA9B77 /* Resources */,
			);
			buildRules = (
			);
			dependencies = (
			);
			name = "weather-app";
			productName = "weather-app";
			productReference = E5C66F3B28554AC700BA9B77 /* weather-app.app */;
			productType = "com.apple.product-type.application";
		};
/* End PBXNativeTarget section */

/* Begin PBXProject section */
		E5C66F3328554AC700BA9B77 /* Project object */ = {
			isa = PBXProject;
			attributes = {
				BuildIndependentTargetsInParallel = 1;
				LastSwiftUpdateCheck = 1330;
				LastUpgradeCheck = 1330;
				TargetAttributes = {
					E5C66F3A28554AC700BA9B77 = {
						CreatedOnToolsVersion = 13.3.1;
					};
				};
			};
			buildConfigurationList = E5C66F3628554AC700BA9B77 /* Build configuration list for PBXProject "weather-app" */;
			compatibilityVersion = "Xcode 13.0";
			developmentRegion = en;
			hasScannedForEncodings = 0;
			knownRegions = (
				en,
				Base,
			);
			mainGroup = E5C66F3228554AC700BA9B77;
			productRefGroup = E5C66F3C28554AC700BA9B77 /* Products */;
			projectDirPath = "";
			projectRoot = "";
			targets = (
				E5C66F3A28554AC700BA9B77 /* weather-app */,
			);
		};
/* End PBXProject section */

/* Begin PBXResourcesBuildPhase section */
		E5C66F3928554AC700BA9B77 /* Resources */ = {
			isa = PBXResourcesBuildPhase;
			buildActionMask = 2147483647;
			files = (
				E5C66F4E28554ACA00BA9B77 /* LaunchScreen.storyboard in Resources */,
				E5C66F4B28554ACA00BA9B77 /* Assets.xcassets in Resources */,
			);
			runOnlyForDeploymentPostprocessing = 0;
		};
/* End PBXResourcesBuildPhase section */

/* Begin PBXSourcesBuildPhase section */
		E5C66F3728554AC700BA9B77 /* Sources */ = {
			isa = PBXSourcesBuildPhase;
			buildActionMask = 2147483647;
			files = (
				E5D0BB702855BF94002CC445 /* NetworkService.swift in Sources */,
				E5954555285C3230000943D3 /* WeatherCoreData.xcdatamodeld in Sources */,
				E53B217228560B5000F0D573 /* HomeView.swift in Sources */,
				E5C66F4328554AC700BA9B77 /* HomeViewController.swift in Sources */,
				E5D0BB692855BEC1002CC445 /* WeatherViewModel.swift in Sources */,
				E5755B07285AB3F300876E85 /* UITextField+Extension.swift in Sources */,
				E5C66F3F28554AC700BA9B77 /* AppDelegate.swift in Sources */,
				E5D0BB672855BDFA002CC445 /* WeatherModel.swift in Sources */,
				E5954558285C3364000943D3 /* WeatherEntities+CoreDataClass.swift in Sources */,
				E5C66F4128554AC700BA9B77 /* SceneDelegate.swift in Sources */,
				E5D0BB6E2855BF07002CC445 /* ObservableObject.swift in Sources */,
			);
			runOnlyForDeploymentPostprocessing = 0;
		};
/* End PBXSourcesBuildPhase section */

/* Begin PBXVariantGroup section */
		E5C66F4C28554ACA00BA9B77 /* LaunchScreen.storyboard */ = {
			isa = PBXVariantGroup;
			children = (
				E5C66F4D28554ACA00BA9B77 /* Base */,
			);
			name = LaunchScreen.storyboard;
			sourceTree = "<group>";
		};
/* End PBXVariantGroup section */

/* Begin XCBuildConfiguration section */
		E5C66F5028554ACA00BA9B77 /* Debug */ = {
			isa = XCBuildConfiguration;
			buildSettings = {
				ALWAYS_SEARCH_USER_PATHS = NO;
				CLANG_ANALYZER_NONNULL = YES;
				CLANG_ANALYZER_NUMBER_OBJECT_CONVERSION = YES_AGGRESSIVE;
				CLANG_CXX_LANGUAGE_STANDARD = "gnu++17";
				CLANG_ENABLE_MODULES = YES;
				CLANG_ENABLE_OBJC_ARC = YES;
				CLANG_ENABLE_OBJC_WEAK = YES;
				CLANG_WARN_BLOCK_CAPTURE_AUTORELEASING = YES;
				CLANG_WARN_BOOL_CONVERSION = YES;
				CLANG_WARN_COMMA = YES;
				CLANG_WARN_CONSTANT_CONVERSION = YES;
				CLANG_WARN_DEPRECATED_OBJC_IMPLEMENTATIONS = YES;
				CLANG_WARN_DIRECT_OBJC_ISA_USAGE = YES_ERROR;
				CLANG_WARN_DOCUMENTATION_COMMENTS = YES;
				CLANG_WARN_EMPTY_BODY = YES;
				CLANG_WARN_ENUM_CONVERSION = YES;
				CLANG_WARN_INFINITE_RECURSION = YES;
				CLANG_WARN_INT_CONVERSION = YES;
				CLANG_WARN_NON_LITERAL_NULL_CONVERSION = YES;
				CLANG_WARN_OBJC_IMPLICIT_RETAIN_SELF = YES;
				CLANG_WARN_OBJC_LITERAL_CONVERSION = YES;
				CLANG_WARN_OBJC_ROOT_CLASS = YES_ERROR;
				CLANG_WARN_QUOTED_INCLUDE_IN_FRAMEWORK_HEADER = YES;
				CLANG_WARN_RANGE_LOOP_ANALYSIS = YES;
				CLANG_WARN_STRICT_PROTOTYPES = YES;
				CLANG_WARN_SUSPICIOUS_MOVE = YES;
				CLANG_WARN_UNGUARDED_AVAILABILITY = YES_AGGRESSIVE;
				CLANG_WARN_UNREACHABLE_CODE = YES;
				CLANG_WARN__DUPLICATE_METHOD_MATCH = YES;
				COPY_PHASE_STRIP = NO;
				DEBUG_INFORMATION_FORMAT = dwarf;
				ENABLE_STRICT_OBJC_MSGSEND = YES;
				ENABLE_TESTABILITY = YES;
				GCC_C_LANGUAGE_STANDARD = gnu11;
				GCC_DYNAMIC_NO_PIC = NO;
				GCC_NO_COMMON_BLOCKS = YES;
				GCC_OPTIMIZATION_LEVEL = 0;
				GCC_PREPROCESSOR_DEFINITIONS = (
					"DEBUG=1",
					"$(inherited)",
				);
				GCC_WARN_64_TO_32_BIT_CONVERSION = YES;
				GCC_WARN_ABOUT_RETURN_TYPE = YES_ERROR;
				GCC_WARN_UNDECLARED_SELECTOR = YES;
				GCC_WARN_UNINITIALIZED_AUTOS = YES_AGGRESSIVE;
				GCC_WARN_UNUSED_FUNCTION = YES;
				GCC_WARN_UNUSED_VARIABLE = YES;
				IPHONEOS_DEPLOYMENT_TARGET = 15.4;
				MTL_ENABLE_DEBUG_INFO = INCLUDE_SOURCE;
				MTL_FAST_MATH = YES;
				ONLY_ACTIVE_ARCH = YES;
				SDKROOT = iphoneos;
				SWIFT_ACTIVE_COMPILATION_CONDITIONS = DEBUG;
				SWIFT_OPTIMIZATION_LEVEL = "-Onone";
			};
			name = Debug;
		};
		E5C66F5128554ACA00BA9B77 /* Release */ = {
			isa = XCBuildConfiguration;
			buildSettings = {
				ALWAYS_SEARCH_USER_PATHS = NO;
				CLANG_ANALYZER_NONNULL = YES;
				CLANG_ANALYZER_NUMBER_OBJECT_CONVERSION = YES_AGGRESSIVE;
				CLANG_CXX_LANGUAGE_STANDARD = "gnu++17";
				CLANG_ENABLE_MODULES = YES;
				CLANG_ENABLE_OBJC_ARC = YES;
				CLANG_ENABLE_OBJC_WEAK = YES;
				CLANG_WARN_BLOCK_CAPTURE_AUTORELEASING = YES;
				CLANG_WARN_BOOL_CONVERSION = YES;
				CLANG_WARN_COMMA = YES;
				CLANG_WARN_CONSTANT_CONVERSION = YES;
				CLANG_WARN_DEPRECATED_OBJC_IMPLEMENTATIONS = YES;
				CLANG_WARN_DIRECT_OBJC_ISA_USAGE = YES_ERROR;
				CLANG_WARN_DOCUMENTATION_COMMENTS = YES;
				CLANG_WARN_EMPTY_BODY = YES;
				CLANG_WARN_ENUM_CONVERSION = YES;
				CLANG_WARN_INFINITE_RECURSION = YES;
				CLANG_WARN_INT_CONVERSION = YES;
				CLANG_WARN_NON_LITERAL_NULL_CONVERSION = YES;
				CLANG_WARN_OBJC_IMPLICIT_RETAIN_SELF = YES;
				CLANG_WARN_OBJC_LITERAL_CONVERSION = YES;
				CLANG_WARN_OBJC_ROOT_CLASS = YES_ERROR;
				CLANG_WARN_QUOTED_INCLUDE_IN_FRAMEWORK_HEADER = YES;
				CLANG_WARN_RANGE_LOOP_ANALYSIS = YES;
				CLANG_WARN_STRICT_PROTOTYPES = YES;
				CLANG_WARN_SUSPICIOUS_MOVE = YES;
				CLANG_WARN_UNGUARDED_AVAILABILITY = YES_AGGRESSIVE;
				CLANG_WARN_UNREACHABLE_CODE = YES;
				CLANG_WARN__DUPLICATE_METHOD_MATCH = YES;
				COPY_PHASE_STRIP = NO;
				DEBUG_INFORMATION_FORMAT = "dwarf-with-dsym";
				ENABLE_NS_ASSERTIONS = NO;
				ENABLE_STRICT_OBJC_MSGSEND = YES;
				GCC_C_LANGUAGE_STANDARD = gnu11;
				GCC_NO_COMMON_BLOCKS = YES;
				GCC_WARN_64_TO_32_BIT_CONVERSION = YES;
				GCC_WARN_ABOUT_RETURN_TYPE = YES_ERROR;
				GCC_WARN_UNDECLARED_SELECTOR = YES;
				GCC_WARN_UNINITIALIZED_AUTOS = YES_AGGRESSIVE;
				GCC_WARN_UNUSED_FUNCTION = YES;
				GCC_WARN_UNUSED_VARIABLE = YES;
				IPHONEOS_DEPLOYMENT_TARGET = 15.4;
				MTL_ENABLE_DEBUG_INFO = NO;
				MTL_FAST_MATH = YES;
				SDKROOT = iphoneos;
				SWIFT_COMPILATION_MODE = wholemodule;
				SWIFT_OPTIMIZATION_LEVEL = "-O";
				VALIDATE_PRODUCT = YES;
			};
			name = Release;
		};
		E5C66F5328554ACA00BA9B77 /* Debug */ = {
			isa = XCBuildConfiguration;
			buildSettings = {
				ASSETCATALOG_COMPILER_APPICON_NAME = AppIcon;
				ASSETCATALOG_COMPILER_GLOBAL_ACCENT_COLOR_NAME = AccentColor;
				CODE_SIGN_STYLE = Automatic;
				CURRENT_PROJECT_VERSION = 1;
				DEVELOPMENT_TEAM = Q3YD2289UJ;
				GENERATE_INFOPLIST_FILE = YES;
				INFOPLIST_FILE = "weather-app/Info.plist";
				INFOPLIST_KEY_UIApplicationSupportsIndirectInputEvents = YES;
				INFOPLIST_KEY_UILaunchStoryboardName = LaunchScreen;
				INFOPLIST_KEY_UISupportedInterfaceOrientations_iPad = "UIInterfaceOrientationPortrait UIInterfaceOrientationPortraitUpsideDown UIInterfaceOrientationLandscapeLeft UIInterfaceOrientationLandscapeRight";
				INFOPLIST_KEY_UISupportedInterfaceOrientations_iPhone = "UIInterfaceOrientationPortrait UIInterfaceOrientationLandscapeLeft UIInterfaceOrientationLandscapeRight";
				LD_RUNPATH_SEARCH_PATHS = (
					"$(inherited)",
					"@executable_path/Frameworks",
				);
				MARKETING_VERSION = 1.0;
				PRODUCT_BUNDLE_IDENTIFIER = "com.soultan.weather-app";
				PRODUCT_NAME = "$(TARGET_NAME)";
				SWIFT_EMIT_LOC_STRINGS = YES;
				SWIFT_VERSION = 5.0;
				TARGETED_DEVICE_FAMILY = "1,2";
			};
			name = Debug;
		};
		E5C66F5428554ACA00BA9B77 /* Release */ = {
			isa = XCBuildConfiguration;
			buildSettings = {
				ASSETCATALOG_COMPILER_APPICON_NAME = AppIcon;
				ASSETCATALOG_COMPILER_GLOBAL_ACCENT_COLOR_NAME = AccentColor;
				CODE_SIGN_STYLE = Automatic;
				CURRENT_PROJECT_VERSION = 1;
				DEVELOPMENT_TEAM = Q3YD2289UJ;
				GENERATE_INFOPLIST_FILE = YES;
				INFOPLIST_FILE = "weather-app/Info.plist";
				INFOPLIST_KEY_UIApplicationSupportsIndirectInputEvents = YES;
				INFOPLIST_KEY_UILaunchStoryboardName = LaunchScreen;
				INFOPLIST_KEY_UISupportedInterfaceOrientations_iPad = "UIInterfaceOrientationPortrait UIInterfaceOrientationPortraitUpsideDown UIInterfaceOrientationLandscapeLeft UIInterfaceOrientationLandscapeRight";
				INFOPLIST_KEY_UISupportedInterfaceOrientations_iPhone = "UIInterfaceOrientationPortrait UIInterfaceOrientationLandscapeLeft UIInterfaceOrientationLandscapeRight";
				LD_RUNPATH_SEARCH_PATHS = (
					"$(inherited)",
					"@executable_path/Frameworks",
				);
				MARKETING_VERSION = 1.0;
				PRODUCT_BUNDLE_IDENTIFIER = "com.soultan.weather-app";
				PRODUCT_NAME = "$(TARGET_NAME)";
				SWIFT_EMIT_LOC_STRINGS = YES;
				SWIFT_VERSION = 5.0;
				TARGETED_DEVICE_FAMILY = "1,2";
			};
			name = Release;
		};
/* End XCBuildConfiguration section */

/* Begin XCConfigurationList section */
		E5C66F3628554AC700BA9B77 /* Build configuration list for PBXProject "weather-app" */ = {
			isa = XCConfigurationList;
			buildConfigurations = (
				E5C66F5028554ACA00BA9B77 /* Debug */,
				E5C66F5128554ACA00BA9B77 /* Release */,
			);
			defaultConfigurationIsVisible = 0;
			defaultConfigurationName = Release;
		};
		E5C66F5228554ACA00BA9B77 /* Build configuration list for PBXNativeTarget "weather-app" */ = {
			isa = XCConfigurationList;
			buildConfigurations = (
				E5C66F5328554ACA00BA9B77 /* Debug */,
				E5C66F5428554ACA00BA9B77 /* Release */,
			);
			defaultConfigurationIsVisible = 0;
			defaultConfigurationName = Release;
		};
/* End XCConfigurationList section */

/* Begin XCVersionGroup section */
		E5954553285C3230000943D3 /* WeatherCoreData.xcdatamodeld */ = {
			isa = XCVersionGroup;
			children = (
				E5954554285C3230000943D3 /* WeatherCoreData.xcdatamodel */,
			);
			currentVersion = E5954554285C3230000943D3 /* WeatherCoreData.xcdatamodel */;
			name = WeatherCoreData.xcdatamodeld;
			path = ../WeatherCoreData.xcdatamodeld;
			sourceTree = "<group>";
			versionGroupType = wrapper.xcdatamodel;
		};
/* End XCVersionGroup section */
	};
	rootObject = E5C66F3328554AC700BA9B77 /* Project object */;
}
